<?xml version="1.0" encoding="utf-8"?>
<Project ToolsVersion="4.0" xmlns="http://schemas.microsoft.com/developer/msbuild/2003">
  <ItemGroup>
    <Filter Include="accessibility">
      <UniqueIdentifier>{bb53c73c-453d-43c1-bee3-b3c927acbbf9}</UniqueIdentifier>
    </Filter>
    <Filter Include="controls">
      <UniqueIdentifier>{9aeebff0-10ed-4a1e-8932-2157c601132d}</UniqueIdentifier>
    </Filter>
    <Filter Include="controls\button">
      <UniqueIdentifier>{e917a51a-367b-45ee-a40b-8db8590646d3}</UniqueIdentifier>
    </Filter>
    <Filter Include="widget">
      <UniqueIdentifier>{e0beae38-b926-4081-a747-2e87a05d467e}</UniqueIdentifier>
    </Filter>
    <Filter Include="focus">
      <UniqueIdentifier>{471fbd67-353f-4738-8d00-0b5e1c3f1421}</UniqueIdentifier>
    </Filter>
    <Filter Include="window">
      <UniqueIdentifier>{04144ecc-d387-421b-8f98-a1d01477f55b}</UniqueIdentifier>
    </Filter>
    <Filter Include="dragdrop">
      <UniqueIdentifier>{849b1e6f-d9a7-4411-b969-422aa6d75715}</UniqueIdentifier>
    </Filter>
    <Filter Include="clipboard">
      <UniqueIdentifier>{576976d2-198f-451c-bacb-d0591ddb646a}</UniqueIdentifier>
    </Filter>
    <Filter Include="layout">
      <UniqueIdentifier>{47d81fd2-f6ba-432d-a743-3eca6133b04f}</UniqueIdentifier>
    </Filter>
    <Filter Include="gfx">
      <UniqueIdentifier>{524a2e76-eb14-4c16-a87c-ff120442f70b}</UniqueIdentifier>
    </Filter>
    <Filter Include="app">
      <UniqueIdentifier>{ceb44969-077b-4acd-b892-ff19436036ec}</UniqueIdentifier>
    </Filter>
    <Filter Include="animation">
      <UniqueIdentifier>{485a4bfe-3c05-47be-8500-597133d8b197}</UniqueIdentifier>
    </Filter>
  </ItemGroup>
  <ItemGroup>
    <ClInclude Include="accessibility\accessibility_types.h">
      <Filter>accessibility</Filter>
    </ClInclude>
    <ClInclude Include="accessibility\view_accessibility.h">
      <Filter>accessibility</Filter>
    </ClInclude>
    <ClInclude Include="accessibility\view_accessibility_wrapper.h">
      <Filter>accessibility</Filter>
    </ClInclude>
    <ClInclude Include="controls\native_control_win.h">
      <Filter>controls</Filter>
    </ClInclude>
    <ClInclude Include="controls\native_view_host.h">
      <Filter>controls</Filter>
    </ClInclude>
    <ClInclude Include="controls\native_view_host_win.h">
      <Filter>controls</Filter>
    </ClInclude>
    <ClInclude Include="controls\native_view_host_wrapper.h">
      <Filter>controls</Filter>
    </ClInclude>
    <ClInclude Include="controls\single_split_view.h">
      <Filter>controls</Filter>
    </ClInclude>
    <ClInclude Include="controls\button\button.h">
      <Filter>controls\button</Filter>
    </ClInclude>
    <ClInclude Include="controls\button\custom_button.h">
      <Filter>controls\button</Filter>
    </ClInclude>
    <ClInclude Include="controls\button\image_button.h">
      <Filter>controls\button</Filter>
    </ClInclude>
    <ClInclude Include="controls\button\native_button.h">
      <Filter>controls\button</Filter>
    </ClInclude>
    <ClInclude Include="controls\button\native_button_win.h">
      <Filter>controls\button</Filter>
    </ClInclude>
    <ClInclude Include="controls\button\native_button_wrapper.h">
      <Filter>controls\button</Filter>
    </ClInclude>
    <ClInclude Include="controls\button\text_button.h">
      <Filter>controls\button</Filter>
    </ClInclude>
    <ClInclude Include="widget\aero_tooltip_manager.h">
      <Filter>widget</Filter>
    </ClInclude>
    <ClInclude Include="widget\message_crack.h">
      <Filter>widget</Filter>
    </ClInclude>
    <ClInclude Include="widget\root_view.h">
      <Filter>widget</Filter>
    </ClInclude>
    <ClInclude Include="widget\tooltip_manager.h">
      <Filter>widget</Filter>
    </ClInclude>
    <ClInclude Include="widget\tooltip_manager_win.h">
      <Filter>widget</Filter>
    </ClInclude>
    <ClInclude Include="widget\widget.h">
      <Filter>widget</Filter>
    </ClInclude>
    <ClInclude Include="widget\widget_delegate.h">
      <Filter>widget</Filter>
    </ClInclude>
    <ClInclude Include="widget\widget_win.h">
      <Filter>widget</Filter>
    </ClInclude>
    <ClInclude Include="focus\accelerator_handler.h">
      <Filter>focus</Filter>
    </ClInclude>
    <ClInclude Include="focus\focus_manager.h">
      <Filter>focus</Filter>
    </ClInclude>
    <ClInclude Include="focus\focus_search.h">
      <Filter>focus</Filter>
    </ClInclude>
    <ClInclude Include="focus\focus_util_win.h">
      <Filter>focus</Filter>
    </ClInclude>
    <ClInclude Include="focus\view_storage.h">
      <Filter>focus</Filter>
    </ClInclude>
    <ClInclude Include="window\client_view.h">
      <Filter>window</Filter>
    </ClInclude>
    <ClInclude Include="window\custom_frame_view.h">
      <Filter>window</Filter>
    </ClInclude>
    <ClInclude Include="window\dialog_client_view.h">
      <Filter>window</Filter>
    </ClInclude>
    <ClInclude Include="window\dialog_delegate.h">
      <Filter>window</Filter>
    </ClInclude>
    <ClInclude Include="window\message_box_flags.h">
      <Filter>window</Filter>
    </ClInclude>
    <ClInclude Include="window\native_frame_view.h">
      <Filter>window</Filter>
    </ClInclude>
    <ClInclude Include="window\non_client_view.h">
      <Filter>window</Filter>
    </ClInclude>
    <ClInclude Include="window\window.h">
      <Filter>window</Filter>
    </ClInclude>
    <ClInclude Include="window\window_delegate.h">
      <Filter>window</Filter>
    </ClInclude>
    <ClInclude Include="window\window_win.h">
      <Filter>window</Filter>
    </ClInclude>
    <ClInclude Include="dragdrop\drag_drop_types.h">
      <Filter>dragdrop</Filter>
    </ClInclude>
    <ClInclude Include="dragdrop\drag_source.h">
      <Filter>dragdrop</Filter>
    </ClInclude>
    <ClInclude Include="dragdrop\drop_helper.h">
      <Filter>dragdrop</Filter>
    </ClInclude>
    <ClInclude Include="dragdrop\drop_target.h">
      <Filter>dragdrop</Filter>
    </ClInclude>
    <ClInclude Include="dragdrop\drop_target_win.h">
      <Filter>dragdrop</Filter>
    </ClInclude>
    <ClInclude Include="dragdrop\os_exchange_data.h">
      <Filter>dragdrop</Filter>
    </ClInclude>
    <ClInclude Include="dragdrop\os_exchange_data_provider_win.h">
      <Filter>dragdrop</Filter>
    </ClInclude>
    <ClInclude Include="clipboard\clipboard_util_win.h">
      <Filter>clipboard</Filter>
    </ClInclude>
    <ClInclude Include="layout\box_layout.h">
      <Filter>layout</Filter>
    </ClInclude>
    <ClInclude Include="layout\fill_layout.h">
      <Filter>layout</Filter>
    </ClInclude>
    <ClInclude Include="layout\grid_layout.h">
      <Filter>layout</Filter>
    </ClInclude>
    <ClInclude Include="layout\layout_manager.h">
      <Filter>layout</Filter>
    </ClInclude>
    <ClInclude Include="layout\standard_layout.h">
      <Filter>layout</Filter>
    </ClInclude>
    <ClInclude Include="gfx\background.h">
      <Filter>gfx</Filter>
    </ClInclude>
    <ClInclude Include="gfx\border.h">
      <Filter>gfx</Filter>
    </ClInclude>
    <ClInclude Include="gfx\default_theme_provider.h">
      <Filter>gfx</Filter>
    </ClInclude>
    <ClInclude Include="gfx\painter.h">
      <Filter>gfx</Filter>
    </ClInclude>
    <ClInclude Include="gfx\theme_provider.h">
      <Filter>gfx</Filter>
    </ClInclude>
    <ClInclude Include="app\accelerator.h">
      <Filter>app</Filter>
    </ClInclude>
    <ClInclude Include="app\dwmapi_wrapper.h">
      <Filter>app</Filter>
    </ClInclude>
    <ClInclude Include="app\event.h">
      <Filter>app</Filter>
    </ClInclude>
    <ClInclude Include="app\keyboard_code_conversion_win.h">
      <Filter>app</Filter>
    </ClInclude>
    <ClInclude Include="app\keyboard_codes_win.h">
      <Filter>app</Filter>
    </ClInclude>
    <ClInclude Include="app\resource_bundle.h">
      <Filter>app</Filter>
    </ClInclude>
    <ClInclude Include="app\screen.h">
      <Filter>app</Filter>
    </ClInclude>
    <ClInclude Include="app\system_monitor.h">
      <Filter>app</Filter>
    </ClInclude>
    <ClInclude Include="app\windows_util.h">
      <Filter>app</Filter>
    </ClInclude>
    <ClInclude Include="animation\bounds_animator.h">
      <Filter>animation</Filter>
    </ClInclude>
    <ClInclude Include="view.h" />
    <ClInclude Include="view_delegate.h" />
  </ItemGroup>
  <ItemGroup>
    <ClCompile Include="accessibility\view_accessibility.cpp">
      <Filter>accessibility</Filter>
    </ClCompile>
    <ClCompile Include="accessibility\view_accessibility_wrapper.cpp">
      <Filter>accessibility</Filter>
    </ClCompile>
    <ClCompile Include="controls\native_control_win.cpp">
      <Filter>controls</Filter>
    </ClCompile>
    <ClCompile Include="controls\native_view_host.cpp">
      <Filter>controls</Filter>
    </ClCompile>
    <ClCompile Include="controls\native_view_host_win.cpp">
      <Filter>controls</Filter>
    </ClCompile>
    <ClCompile Include="controls\single_split_view.cpp">
      <Filter>controls</Filter>
    </ClCompile>
    <ClCompile Include="controls\button\button.cpp">
      <Filter>controls\button</Filter>
    </ClCompile>
    <ClCompile Include="controls\button\custom_button.cpp">
      <Filter>controls\button</Filter>
    </ClCompile>
    <ClCompile Include="controls\button\image_button.cpp">
      <Filter>controls\button</Filter>
    </ClCompile>
    <ClCompile Include="controls\button\native_button.cpp">
      <Filter>controls\button</Filter>
    </ClCompile>
    <ClCompile Include="controls\button\native_button_win.cpp">
      <Filter>controls\button</Filter>
    </ClCompile>
    <ClCompile Include="controls\button\text_button.cpp">
      <Filter>controls\button</Filter>
    </ClCompile>
    <ClCompile Include="widget\aero_tooltip_manager.cpp">
      <Filter>widget</Filter>
    </ClCompile>
    <ClCompile Include="widget\root_view.cpp">
      <Filter>widget</Filter>
    </ClCompile>
    <ClCompile Include="widget\tooltip_manager.cpp">
      <Filter>widget</Filter>
    </ClCompile>
    <ClCompile Include="widget\tooltip_manager_win.cpp">
      <Filter>widget</Filter>
    </ClCompile>
    <ClCompile Include="widget\widget_win.cpp">
      <Filter>widget</Filter>
    </ClCompile>
    <ClCompile Include="focus\accelerator_handler.cpp">
      <Filter>focus</Filter>
    </ClCompile>
    <ClCompile Include="focus\focus_manager.cpp">
      <Filter>focus</Filter>
    </ClCompile>
    <ClCompile Include="focus\focus_search.cpp">
      <Filter>focus</Filter>
    </ClCompile>
    <ClCompile Include="focus\focus_util_win.cpp">
      <Filter>focus</Filter>
    </ClCompile>
    <ClCompile Include="focus\view_storage.cpp">
      <Filter>focus</Filter>
    </ClCompile>
    <ClCompile Include="window\client_view.cpp">
      <Filter>window</Filter>
    </ClCompile>
    <ClCompile Include="window\custom_frame_view.cpp">
      <Filter>window</Filter>
    </ClCompile>
    <ClCompile Include="window\dialog_client_view.cpp">
      <Filter>window</Filter>
    </ClCompile>
    <ClCompile Include="window\dialog_delegate.cpp">
      <Filter>window</Filter>
    </ClCompile>
    <ClCompile Include="window\native_frame_view.cpp">
      <Filter>window</Filter>
    </ClCompile>
    <ClCompile Include="window\non_client_view.cpp">
      <Filter>window</Filter>
    </ClCompile>
    <ClCompile Include="window\window.cpp">
      <Filter>window</Filter>
    </ClCompile>
    <ClCompile Include="window\window_delegate.cpp">
      <Filter>window</Filter>
    </ClCompile>
    <ClCompile Include="window\window_win.cpp">
      <Filter>window</Filter>
    </ClCompile>
    <ClCompile Include="dragdrop\drag_drop_types.cpp">
      <Filter>dragdrop</Filter>
    </ClCompile>
    <ClCompile Include="dragdrop\drag_source.cpp">
      <Filter>dragdrop</Filter>
    </ClCompile>
    <ClCompile Include="dragdrop\drop_helper.cpp">
      <Filter>dragdrop</Filter>
    </ClCompile>
    <ClCompile Include="dragdrop\drop_target.cpp">
      <Filter>dragdrop</Filter>
    </ClCompile>
    <ClCompile Include="dragdrop\drop_target_win.cpp">
      <Filter>dragdrop</Filter>
    </ClCompile>
    <ClCompile Include="dragdrop\os_exchange_data.cpp">
      <Filter>dragdrop</Filter>
    </ClCompile>
    <ClCompile Include="dragdrop\os_exchange_data_provider_win.cpp">
      <Filter>dragdrop</Filter>
    </ClCompile>
    <ClCompile Include="clipboard\clipboard_util_win.cpp">
      <Filter>clipboard</Filter>
    </ClCompile>
    <ClCompile Include="layout\box_layout.cpp">
      <Filter>layout</Filter>
    </ClCompile>
    <ClCompile Include="layout\fill_layout.cpp">
      <Filter>layout</Filter>
    </ClCompile>
    <ClCompile Include="layout\grid_layout.cpp">
      <Filter>layout</Filter>
    </ClCompile>
    <ClCompile Include="layout\layout_manager.cpp">
      <Filter>layout</Filter>
    </ClCompile>
    <ClCompile Include="gfx\background.cpp">
      <Filter>gfx</Filter>
    </ClCompile>
    <ClCompile Include="gfx\border.cpp">
      <Filter>gfx</Filter>
    </ClCompile>
    <ClCompile Include="gfx\default_theme_provider.cpp">
      <Filter>gfx</Filter>
    </ClCompile>
    <ClCompile Include="gfx\painter.cpp">
      <Filter>gfx</Filter>
    </ClCompile>
    <ClCompile Include="gfx\theme_provider.cpp">
      <Filter>gfx</Filter>
    </ClCompile>
    <ClCompile Include="app\dwmapi_wrapper.cpp">
      <Filter>app</Filter>
    </ClCompile>
    <ClCompile Include="app\event.cpp">
      <Filter>app</Filter>
    </ClCompile>
    <ClCompile Include="app\keyboard_code_conversion_win.cpp">
      <Filter>app</Filter>
    </ClCompile>
    <ClCompile Include="app\resource_bundle.cpp">
      <Filter>app</Filter>
    </ClCompile>
    <ClCompile Include="app\screen.cpp">
      <Filter>app</Filter>
    </ClCompile>
    <ClCompile Include="app\system_monitor.cpp">
      <Filter>app</Filter>
    </ClCompile>
    <ClCompile Include="app\windows_util.cpp">
      <Filter>app</Filter>
    </ClCompile>
    <ClCompile Include="animation\bounds_animator.cpp">
      <Filter>animation</Filter>
    </ClCompile>
    <ClCompile Include="view.cpp" />
  </ItemGroup>
</Project>